
Microsoft Visual Studio Solution File, Format Version 12.00
# Visual Studio Version 16
VisualStudioVersion = 25.0.1704.0
MinimumVisualStudioVersion = 10.0.40219.1
Project("{F2A71F9B-5D33-465A-A702-920D77279786}") = "GWallet.Frontend.Console", "src\GWallet.Frontend.Console\GWallet.Frontend.Console.fsproj", "{61372C84-76B1-4E02-B7C6-0B034F63E7B3}"
EndProject
Project("{F2A71F9B-5D33-465A-A702-920D77279786}") = "GWallet.Backend", "src\GWallet.Backend\GWallet.Backend.fsproj", "{BBA56536-EA42-4DFB-8FD2-A7A2C04DCA98}"
EndProject
Project("{F2A71F9B-5D33-465A-A702-920D77279786}") = "GWallet.Backend.Tests", "src\GWallet.Backend.Tests\GWallet.Backend.Tests.fsproj", "{7144BA8F-95D8-472B-B408-C5FA9D42DDB5}"
EndProject
Global
	GlobalSection(SolutionConfigurationPlatforms) = preSolution
		Debug|Any CPU = Debug|Any CPU
		Release|Any CPU = Release|Any CPU
	EndGlobalSection
	GlobalSection(ProjectConfigurationPlatforms) = postSolution
		{61372C84-76B1-4E02-B7C6-0B034F63E7B3}.Debug|Any CPU.ActiveCfg = Debug|Any CPU
		{61372C84-76B1-4E02-B7C6-0B034F63E7B3}.Debug|Any CPU.Build.0 = Debug|Any CPU
		{61372C84-76B1-4E02-B7C6-0B034F63E7B3}.Release|Any CPU.ActiveCfg = Release|Any CPU
		{61372C84-76B1-4E02-B7C6-0B034F63E7B3}.Release|Any CPU.Build.0 = Release|Any CPU
		{BBA56536-EA42-4DFB-8FD2-A7A2C04DCA98}.Debug|Any CPU.ActiveCfg = Debug|Any CPU
		{BBA56536-EA42-4DFB-8FD2-A7A2C04DCA98}.Debug|Any CPU.Build.0 = Debug|Any CPU
		{BBA56536-EA42-4DFB-8FD2-A7A2C04DCA98}.Release|Any CPU.ActiveCfg = Release|Any CPU
		{BBA56536-EA42-4DFB-8FD2-A7A2C04DCA98}.Release|Any CPU.Build.0 = Release|Any CPU
		{7144BA8F-95D8-472B-B408-C5FA9D42DDB5}.Debug|Any CPU.ActiveCfg = Debug|Any CPU
		{7144BA8F-95D8-472B-B408-C5FA9D42DDB5}.Debug|Any CPU.Build.0 = Debug|Any CPU
		{7144BA8F-95D8-472B-B408-C5FA9D42DDB5}.Release|Any CPU.ActiveCfg = Release|Any CPU
		{7144BA8F-95D8-472B-B408-C5FA9D42DDB5}.Release|Any CPU.Build.0 = Release|Any CPU
	EndGlobalSection
	GlobalSection(SolutionProperties) = preSolution
		HideSolutionNode = FALSE
	EndGlobalSection
	GlobalSection(ExtensibilityGlobals) = postSolution
		SolutionGuid = {1C0EF666-8C98-40BC-9D3E-BF2290A20686}
	EndGlobalSection
EndGlobal
